<?xml version="1.0" encoding="utf-8"?>
<Project ToolsVersion="4.0" xmlns="http://schemas.microsoft.com/developer/msbuild/2003">
  <ItemGroup>
    <Filter Include="源文件">
      <UniqueIdentifier>{4FC737F1-C7A5-4376-A066-2A32D752A2FF}</UniqueIdentifier>
      <Extensions>cpp;c;cc;cxx;def;odl;idl;hpj;bat;asm;asmx</Extensions>
    </Filter>
    <Filter Include="头文件">
      <UniqueIdentifier>{93995380-89BD-4b04-88EB-625FBE52EBFB}</UniqueIdentifier>
      <Extensions>h;hh;hpp;hxx;hm;inl;inc;xsd</Extensions>
    </Filter>
    <Filter Include="资源文件">
      <UniqueIdentifier>{67DA6AB6-F800-4c08-8B7A-83BB121AAD01}</UniqueIdentifier>
      <Extensions>rc;ico;cur;bmp;dlg;rc2;rct;bin;rgs;gif;jpg;jpeg;jpe;resx;tiff;tif;png;wav;mfcribbon-ms</Extensions>
    </Filter>
    <Filter Include="Debug">
      <UniqueIdentifier>{6939c397-c842-42c9-b030-7ab10f4c61ad}</UniqueIdentifier>
    </Filter>
    <Filter Include="Memory">
      <UniqueIdentifier>{e8996a2c-74cc-47ed-9c82-ca261154b059}</UniqueIdentifier>
    </Filter>
    <Filter Include="Share">
      <UniqueIdentifier>{bd45f93f-5221-43eb-bbd0-b6fef626a782}</UniqueIdentifier>
    </Filter>
    <Filter Include="Compiler">
      <UniqueIdentifier>{514a9894-39d5-4f5a-a5f0-46d50b3e8f7a}</UniqueIdentifier>
    </Filter>
    <Filter Include="DVM">
      <UniqueIdentifier>{ff2f57f7-a97c-41c6-a53b-b3e7b3a69815}</UniqueIdentifier>
    </Filter>
  </ItemGroup>
  <ItemGroup>
    <Text Include="ReadMe.txt" />
  </ItemGroup>
  <ItemGroup>
    <ClInclude Include="stdafx.h">
      <Filter>头文件</Filter>
    </ClInclude>
    <ClInclude Include="targetver.h">
      <Filter>头文件</Filter>
    </ClInclude>
    <ClInclude Include="Debug\Debug.h">
      <Filter>Debug</Filter>
    </ClInclude>
    <ClInclude Include="Memory\Memory.h">
      <Filter>Memory</Filter>
    </ClInclude>
    <ClInclude Include="Memory\Storage.h">
      <Filter>Memory</Filter>
    </ClInclude>
    <ClInclude Include="Share\Error.h">
      <Filter>Share</Filter>
    </ClInclude>
    <ClInclude Include="Compiler\Util.h">
      <Filter>Compiler</Filter>
    </ClInclude>
    <ClInclude Include="Compiler\DikSam.h">
      <Filter>Compiler</Filter>
    </ClInclude>
    <ClInclude Include="Compiler\StringLiteral.h">
      <Filter>Compiler</Filter>
    </ClInclude>
    <ClInclude Include="Compiler\Create.h">
      <Filter>Compiler</Filter>
    </ClInclude>
    <ClInclude Include="Compiler\Interface.h">
      <Filter>Compiler</Filter>
    </ClInclude>
    <ClInclude Include="Compiler\FixTree.h">
      <Filter>Compiler</Filter>
    </ClInclude>
    <ClInclude Include="Compiler\Generate.h">
      <Filter>Compiler</Filter>
    </ClInclude>
    <ClInclude Include="DVM\Execute.h">
      <Filter>DVM</Filter>
    </ClInclude>
    <ClInclude Include="Share\OpcodeInfo.h">
      <Filter>Share</Filter>
    </ClInclude>
    <ClInclude Include="Share\Dispose.h">
      <Filter>Share</Filter>
    </ClInclude>
  </ItemGroup>
  <ItemGroup>
    <ClCompile Include="stdafx.cpp">
      <Filter>源文件</Filter>
    </ClCompile>
    <ClCompile Include="dllmain.cpp">
      <Filter>源文件</Filter>
    </ClCompile>
    <ClCompile Include="Debug\Debug.cpp">
      <Filter>Debug</Filter>
    </ClCompile>
    <ClCompile Include="Memory\Memory.cpp">
      <Filter>Memory</Filter>
    </ClCompile>
    <ClCompile Include="Memory\Storage.cpp">
      <Filter>Memory</Filter>
    </ClCompile>
    <ClCompile Include="Share\Error.cpp">
      <Filter>Share</Filter>
    </ClCompile>
    <ClCompile Include="Compiler\Util.cpp">
      <Filter>Compiler</Filter>
    </ClCompile>
    <ClCompile Include="Compiler\DikSam.cpp">
      <Filter>Compiler</Filter>
    </ClCompile>
    <ClCompile Include="Compiler\StringLiteral.cpp">
      <Filter>Compiler</Filter>
    </ClCompile>
    <ClCompile Include="Compiler\Create.cpp">
      <Filter>Compiler</Filter>
    </ClCompile>
    <ClCompile Include="Compiler\Interface.cpp">
      <Filter>Compiler</Filter>
    </ClCompile>
    <ClCompile Include="Compiler\FixTree.cpp">
      <Filter>Compiler</Filter>
    </ClCompile>
    <ClCompile Include="Compiler\Generate.cpp">
      <Filter>Compiler</Filter>
    </ClCompile>
    <ClCompile Include="DVM\Execute.cpp">
      <Filter>DVM</Filter>
    </ClCompile>
    <ClCompile Include="Share\OpcodeInfo.cpp">
      <Filter>Share</Filter>
    </ClCompile>
    <ClCompile Include="Share\Dispose.cpp">
      <Filter>Share</Filter>
    </ClCompile>
  </ItemGroup>
</Project>